<?xml version="1.0" encoding="UTF-8"?>
<Scheme
   LastUpgradeVersion = "1000"
   version = "1.3">
   <BuildAction
      parallelizeBuildables = "YES"
      buildImplicitDependencies = "YES">
      <BuildActionEntries>
         <BuildActionEntry
            buildForTesting = "YES"
            buildForRunning = "YES"
            buildForProfiling = "YES"
            buildForArchiving = "YES"
            buildForAnalyzing = "YES">
            <BuildableReference
               BuildableIdentifier = "primary"
               BlueprintIdentifier = "EF12D6251E7136D800B5B6FA"
               BuildableName = "jalnetPassTest.app"
               BlueprintName = "jalnetPassTest"
               ReferencedContainer = "container:jalnetPassTest.xcodeproj">
            </BuildableReference>
         </BuildActionEntry>
      </BuildActionEntries>
   </BuildAction>
   <TestAction
      buildConfiguration = "Debug"
      selectedDebuggerIdentifier = "Xcode.DebuggerFoundation.Debugger.LLDB"
      selectedLauncherIdentifier = "Xcode.DebuggerFoundation.Launcher.LLDB"
      shouldUseLaunchSchemeArgsEnv = "YES">
      <Testables>
         <TestableReference
            skipped = "NO">
            <BuildableReference
               BuildableIdentifier = "primary"
               BlueprintIdentifier = "EF12D63E1E7136D800B5B6FA"
               BuildableName = "jalnetPassTestTests.xctest"
               BlueprintName = "jalnetPassTestTests"
               ReferencedContainer = "container:jalnetPassTest.xcodeproj">
            </BuildableReference>
         </TestableReference>
         <TestableReference
            skipped = "NO">
            <BuildableReference
               BuildableIdentifier = "primary"
               BlueprintIdentifier = "EF12D6491E7136D800B5B6FA"
               BuildableName = "jalnetPassTestUITests.xctest"
               BlueprintName = "jalnetPassTestUITests"
               ReferencedContainer = "container:jalnetPassTest.xcodeproj">
            </BuildableReference>
         </TestableReference>
         <TestableReference
            skipped = "NO">
            <BuildableReference
               BuildableIdentifier = "primary"
               BlueprintIdentifier = "EF6C66611E7447390043EEEB"
               BuildableName = "UICKeyChainStoreTests.xctest"
               BlueprintName = "UICKeyChainStoreTests"
               ReferencedContainer = "container:jalnetPassTest.xcodeproj">
            </BuildableReference>
         </TestableReference>
         <TestableReference
            skipped = "NO">
            <BuildableReference
               BuildableIdentifier = "primary"
               BlueprintIdentifier = "EF6C66851E7448AF0043EEEB"
               BuildableName = "UICKeChainTests.xctest"
               BlueprintName = "UICKeChainTests"
               ReferencedContainer = "container:jalnetPassTest.xcodeproj">
            </BuildableReference>
         </TestableReference>
         <TestableReference
            skipped = "NO">
            <BuildableReference
               BuildableIdentifier = "primary"
               BlueprintIdentifier = "EF6C66A71E7448D00043EEEB"
               BuildableName = "UICKeyChainTests.xctest"
               BlueprintName = "UICKeyChainTests"
               ReferencedContainer = "container:jalnetPassTest.xcodeproj">
            </BuildableReference>
         </TestableReference>
      </Testables>
      <MacroExpansion>
         <BuildableReference
            BuildableIdentifier = "primary"
            BlueprintIdentifier = "EF12D6251E7136D800B5B6FA"
            BuildableName = "jalnetPassTest.app"
            BlueprintName = "jalnetPassTest"
            ReferencedContainer = "container:jalnetPassTest.xcodeproj">
         </BuildableReference>
      </MacroExpansion>
      <AdditionalOptions>
      </AdditionalOptions>
   </TestAction>
   <LaunchAction
      buildConfiguration = "Debug"
      selectedDebuggerIdentifier = "Xcode.DebuggerFoundation.Debugger.LLDB"
      selectedLauncherIdentifier = "Xcode.DebuggerFoundation.Launcher.LLDB"
      launchStyle = "0"
      useCustomWorkingDirectory = "NO"
      ignoresPersistentStateOnLaunch = "NO"
      debugDocumentVersioning = "YES"
      debugServiceExtension = "internal"
      allowLocationSimulation = "YES">
      <BuildableProductRunnable
         runnableDebuggingMode = "0">
         <BuildableReference
            BuildableIdentifier = "primary"
            BlueprintIdentifier = "EF12D6251E7136D800B5B6FA"
            BuildableName = "jalnetPassTest.app"
            BlueprintName = "jalnetPassTest"
            ReferencedContainer = "container:jalnetPassTest.xcodeproj">
         </BuildableReference>
      </BuildableProductRunnable>
      <AdditionalOptions>
      </AdditionalOptions>
   </LaunchAction>
   <ProfileAction
      buildConfiguration = "Release"
      shouldUseLaunchSchemeArgsEnv = "YES"
      savedToolIdentifier = ""
      useCustomWorkingDirectory = "NO"
      debugDocumentVersioning = "YES">
      <BuildableProductRunnable
         runnableDebuggingMode = "0">
         <BuildableReference
            BuildableIdentifier = "primary"
            BlueprintIdentifier = "EF12D6251E7136D800B5B6FA"
            BuildableName = "jalnetPassTest.app"
            BlueprintName = "jalnetPassTest"
            ReferencedContainer = "container:jalnetPassTest.xcodeproj">
         </BuildableReference>
      </BuildableProductRunnable>
   </ProfileAction>
   <AnalyzeAction
      buildConfiguration = "Debug">
   </AnalyzeAction>
   <ArchiveAction
      buildConfiguration = "Release"
      revealArchiveInOrganizer = "YES">
   </ArchiveAction>
</Scheme>
